// !$*UTF8*$!
{
	archiveVersion = 1;
	classes = {
	};
	objectVersion = 56;
	objects = {

/* Begin PBXBuildFile section */
		2503D1A72C74901C00029E20 /* WidgetKit.framework in Frameworks */ = {isa = PBXBuildFile; fileRef = 2503D1A62C74901C00029E20 /* WidgetKit.framework */; };
		2503D1A92C74901D00029E20 /* SwiftUI.framework in Frameworks */ = {isa = PBXBuildFile; fileRef = 2503D1A82C74901C00029E20 /* SwiftUI.framework */; };
		2503D1AC2C74901D00029E20 /* TodoListWidgetBundle.swift in Sources */ = {isa = PBXBuildFile; fileRef = 2503D1AB2C74901D00029E20 /* TodoListWidgetBundle.swift */; };
		2503D1AE2C74901D00029E20 /* TodoListWidget.swift in Sources */ = {isa = PBXBuildFile; fileRef = 2503D1AD2C74901D00029E20 /* TodoListWidget.swift */; };
		2503D1B02C74901E00029E20 /* Assets.xcassets in Resources */ = {isa = PBXBuildFile; fileRef = 2503D1AF2C74901E00029E20 /* Assets.xcassets */; };
		2503D1B52C74901E00029E20 /* TodoListWidgetExtension.appex in Embed Foundation Extensions */ = {isa = PBXBuildFile; fileRef = 2503D1A42C74901C00029E20 /* TodoListWidgetExtension.appex */; settings = {ATTRIBUTES = (RemoveHeadersOnCopy, ); }; };
		2503D1BB2C754D0D00029E20 /* NotificationManager.swift in Sources */ = {isa = PBXBuildFile; fileRef = 2503D1BA2C754D0D00029E20 /* NotificationManager.swift */; };
		2503D1BF2C75502E00029E20 /* NotificationView.swift in Sources */ = {isa = PBXBuildFile; fileRef = 2503D1BE2C75502E00029E20 /* NotificationView.swift */; };
		2503FA762CD99D0D007AB2E3 /* GoogleService-Info.plist in Resources */ = {isa = PBXBuildFile; fileRef = 2503FA752CD99D0D007AB2E3 /* GoogleService-Info.plist */; };
		254A7AD02C76814000E36624 /* SideView.swift in Sources */ = {isa = PBXBuildFile; fileRef = 254A7ACF2C76814000E36624 /* SideView.swift */; };
		254A7AD22C76814800E36624 /* LoginView.swift in Sources */ = {isa = PBXBuildFile; fileRef = 254A7AD12C76814800E36624 /* LoginView.swift */; };
		254A7AD42C76827200E36624 /* FirebaseManager.swift in Sources */ = {isa = PBXBuildFile; fileRef = 254A7AD32C76827200E36624 /* FirebaseManager.swift */; };
		254A7AD92C76838A00E36624 /* FirebaseAnalytics in Frameworks */ = {isa = PBXBuildFile; productRef = 254A7AD82C76838A00E36624 /* FirebaseAnalytics */; };
		254A7ADB2C76838A00E36624 /* FirebaseAnalyticsOnDeviceConversion in Frameworks */ = {isa = PBXBuildFile; productRef = 254A7ADA2C76838A00E36624 /* FirebaseAnalyticsOnDeviceConversion */; };
		254A7ADD2C76838A00E36624 /* FirebaseAuth in Frameworks */ = {isa = PBXBuildFile; productRef = 254A7ADC2C76838A00E36624 /* FirebaseAuth */; };
		254A7ADF2C76838A00E36624 /* FirebaseAuthCombine-Community in Frameworks */ = {isa = PBXBuildFile; productRef = 254A7ADE2C76838A00E36624 /* FirebaseAuthCombine-Community */; };
		254A7AE12C76838A00E36624 /* FirebaseDatabase in Frameworks */ = {isa = PBXBuildFile; productRef = 254A7AE02C76838A00E36624 /* FirebaseDatabase */; };
		254A7AE32C76838A00E36624 /* FirebaseDynamicLinks in Frameworks */ = {isa = PBXBuildFile; productRef = 254A7AE22C76838A00E36624 /* FirebaseDynamicLinks */; };
		254A7AE52C76838A00E36624 /* FirebaseFirestore in Frameworks */ = {isa = PBXBuildFile; productRef = 254A7AE42C76838A00E36624 /* FirebaseFirestore */; };
		254A7AE72C76838A00E36624 /* FirebaseMLModelDownloader in Frameworks */ = {isa = PBXBuildFile; productRef = 254A7AE62C76838A00E36624 /* FirebaseMLModelDownloader */; };
		254A7AE92C76838A00E36624 /* FirebaseStorage in Frameworks */ = {isa = PBXBuildFile; productRef = 254A7AE82C76838A00E36624 /* FirebaseStorage */; };
		256912B02C7DD8E0008BBCAA /* TaskHistoryView.swift in Sources */ = {isa = PBXBuildFile; fileRef = 256912AF2C7DD8E0008BBCAA /* TaskHistoryView.swift */; };
		25D0062B2C72852E00E28959 /* CalendarTimeView.swift in Sources */ = {isa = PBXBuildFile; fileRef = 25D0062A2C72852E00E28959 /* CalendarTimeView.swift */; };
		25D8D5232C6124290075B42A /* TodoListApp.swift in Sources */ = {isa = PBXBuildFile; fileRef = 25D8D5222C6124290075B42A /* TodoListApp.swift */; };
		25D8D5252C6124290075B42A /* ContentView.swift in Sources */ = {isa = PBXBuildFile; fileRef = 25D8D5242C6124290075B42A /* ContentView.swift */; };
		25D8D5272C61242B0075B42A /* Assets.xcassets in Resources */ = {isa = PBXBuildFile; fileRef = 25D8D5262C61242B0075B42A /* Assets.xcassets */; };
		25D8D52B2C61242B0075B42A /* Preview Assets.xcassets in Resources */ = {isa = PBXBuildFile; fileRef = 25D8D52A2C61242B0075B42A /* Preview Assets.xcassets */; };
		25D8D5502C6125450075B42A /* Category.swift in Sources */ = {isa = PBXBuildFile; fileRef = 25D8D54F2C6125450075B42A /* Category.swift */; };
		25D8D5522C6125690075B42A /* Task.swift in Sources */ = {isa = PBXBuildFile; fileRef = 25D8D5512C6125690075B42A /* Task.swift */; };
		25D8D5542C612EB50075B42A /* CategoryView.swift in Sources */ = {isa = PBXBuildFile; fileRef = 25D8D5532C612EB50075B42A /* CategoryView.swift */; };
		25D8D5582C6132740075B42A /* CategoryManager.swift in Sources */ = {isa = PBXBuildFile; fileRef = 25D8D5572C6132740075B42A /* CategoryManager.swift */; };
		25D8D55A2C6139A60075B42A /* TaskView.swift in Sources */ = {isa = PBXBuildFile; fileRef = 25D8D5592C6139A60075B42A /* TaskView.swift */; };
/* End PBXBuildFile section */

/* Begin PBXContainerItemProxy section */
		2503D1B32C74901E00029E20 /* PBXContainerItemProxy */ = {
			isa = PBXContainerItemProxy;
			containerPortal = 25D8D5172C6124290075B42A /* Project object */;
			proxyType = 1;
			remoteGlobalIDString = 2503D1A32C74901C00029E20;
			remoteInfo = TodoListWidgetExtension;
		};
		25D8D5312C61242B0075B42A /* PBXContainerItemProxy */ = {
			isa = PBXContainerItemProxy;
			containerPortal = 25D8D5172C6124290075B42A /* Project object */;
			proxyType = 1;
			remoteGlobalIDString = 25D8D51E2C6124290075B42A;
			remoteInfo = TodoList;
		};
		25D8D53B2C61242B0075B42A /* PBXContainerItemProxy */ = {
			isa = PBXContainerItemProxy;
			containerPortal = 25D8D5172C6124290075B42A /* Project object */;
			proxyType = 1;
			remoteGlobalIDString = 25D8D51E2C6124290075B42A;
			remoteInfo = TodoList;
		};
/* End PBXContainerItemProxy section */

/* Begin PBXCopyFilesBuildPhase section */
		2503D1B62C74901E00029E20 /* Embed Foundation Extensions */ = {
			isa = PBXCopyFilesBuildPhase;
			buildActionMask = 2147483647;
			dstPath = "";
			dstSubfolderSpec = 13;
			files = (
				2503D1B52C74901E00029E20 /* TodoListWidgetExtension.appex in Embed Foundation Extensions */,
			);
			name = "Embed Foundation Extensions";
			runOnlyForDeploymentPostprocessing = 0;
		};
/* End PBXCopyFilesBuildPhase section */

/* Begin PBXFileReference section */
		2503D1A42C74901C00029E20 /* TodoListWidgetExtension.appex */ = {isa = PBXFileReference; explicitFileType = "wrapper.app-extension"; includeInIndex = 0; path = TodoListWidgetExtension.appex; sourceTree = BUILT_PRODUCTS_DIR; };
		2503D1A62C74901C00029E20 /* WidgetKit.framework */ = {isa = PBXFileReference; lastKnownFileType = wrapper.framework; name = WidgetKit.framework; path = /System/Library/Frameworks/WidgetKit.framework; sourceTree = "<absolute>"; };
		2503D1A82C74901C00029E20 /* SwiftUI.framework */ = {isa = PBXFileReference; lastKnownFileType = wrapper.framework; name = SwiftUI.framework; path = /System/Library/Frameworks/SwiftUI.framework; sourceTree = "<absolute>"; };
		2503D1AB2C74901D00029E20 /* TodoListWidgetBundle.swift */ = {isa = PBXFileReference; lastKnownFileType = sourcecode.swift; path = TodoListWidgetBundle.swift; sourceTree = "<group>"; };
		2503D1AD2C74901D00029E20 /* TodoListWidget.swift */ = {isa = PBXFileReference; lastKnownFileType = sourcecode.swift; path = TodoListWidget.swift; sourceTree = "<group>"; };
		2503D1AF2C74901E00029E20 /* Assets.xcassets */ = {isa = PBXFileReference; lastKnownFileType = folder.assetcatalog; path = Assets.xcassets; sourceTree = "<group>"; };
		2503D1B12C74901E00029E20 /* Info.plist */ = {isa = PBXFileReference; lastKnownFileType = text.plist.xml; path = Info.plist; sourceTree = "<group>"; };
		2503D1B22C74901E00029E20 /* TodoListWidget.entitlements */ = {isa = PBXFileReference; lastKnownFileType = text.plist.entitlements; path = TodoListWidget.entitlements; sourceTree = "<group>"; };
		2503D1BA2C754D0D00029E20 /* NotificationManager.swift */ = {isa = PBXFileReference; lastKnownFileType = sourcecode.swift; path = NotificationManager.swift; sourceTree = "<group>"; };
		2503D1BE2C75502E00029E20 /* NotificationView.swift */ = {isa = PBXFileReference; lastKnownFileType = sourcecode.swift; path = NotificationView.swift; sourceTree = "<group>"; };
		2503FA752CD99D0D007AB2E3 /* GoogleService-Info.plist */ = {isa = PBXFileReference; lastKnownFileType = text.plist.xml; path = "GoogleService-Info.plist"; sourceTree = "<group>"; };
		254A7ACF2C76814000E36624 /* SideView.swift */ = {isa = PBXFileReference; lastKnownFileType = sourcecode.swift; path = SideView.swift; sourceTree = "<group>"; };
		254A7AD12C76814800E36624 /* LoginView.swift */ = {isa = PBXFileReference; lastKnownFileType = sourcecode.swift; path = LoginView.swift; sourceTree = "<group>"; };
		254A7AD32C76827200E36624 /* FirebaseManager.swift */ = {isa = PBXFileReference; lastKnownFileType = sourcecode.swift; path = FirebaseManager.swift; sourceTree = "<group>"; };
		256912AF2C7DD8E0008BBCAA /* TaskHistoryView.swift */ = {isa = PBXFileReference; lastKnownFileType = sourcecode.swift; path = TaskHistoryView.swift; sourceTree = "<group>"; };
		25D0062A2C72852E00E28959 /* CalendarTimeView.swift */ = {isa = PBXFileReference; lastKnownFileType = sourcecode.swift; path = CalendarTimeView.swift; sourceTree = "<group>"; };
		25D8D51F2C6124290075B42A /* TodoList.app */ = {isa = PBXFileReference; explicitFileType = wrapper.application; includeInIndex = 0; path = TodoList.app; sourceTree = BUILT_PRODUCTS_DIR; };
		25D8D5222C6124290075B42A /* TodoListApp.swift */ = {isa = PBXFileReference; lastKnownFileType = sourcecode.swift; path = TodoListApp.swift; sourceTree = "<group>"; };
		25D8D5242C6124290075B42A /* ContentView.swift */ = {isa = PBXFileReference; lastKnownFileType = sourcecode.swift; path = ContentView.swift; sourceTree = "<group>"; };
		25D8D5262C61242B0075B42A /* Assets.xcassets */ = {isa = PBXFileReference; lastKnownFileType = folder.assetcatalog; path = Assets.xcassets; sourceTree = "<group>"; };
		25D8D5282C61242B0075B42A /* TodoList.entitlements */ = {isa = PBXFileReference; lastKnownFileType = text.plist.entitlements; path = TodoList.entitlements; sourceTree = "<group>"; };
		25D8D52A2C61242B0075B42A /* Preview Assets.xcassets */ = {isa = PBXFileReference; lastKnownFileType = folder.assetcatalog; path = "Preview Assets.xcassets"; sourceTree = "<group>"; };
		25D8D5302C61242B0075B42A /* TodoListTests.xctest */ = {isa = PBXFileReference; explicitFileType = wrapper.cfbundle; includeInIndex = 0; path = TodoListTests.xctest; sourceTree = BUILT_PRODUCTS_DIR; };
		25D8D53A2C61242B0075B42A /* TodoListUITests.xctest */ = {isa = PBXFileReference; explicitFileType = wrapper.cfbundle; includeInIndex = 0; path = TodoListUITests.xctest; sourceTree = BUILT_PRODUCTS_DIR; };
		25D8D54F2C6125450075B42A /* Category.swift */ = {isa = PBXFileReference; lastKnownFileType = sourcecode.swift; path = Category.swift; sourceTree = "<group>"; };
		25D8D5512C6125690075B42A /* Task.swift */ = {isa = PBXFileReference; lastKnownFileType = sourcecode.swift; path = Task.swift; sourceTree = "<group>"; };
		25D8D5532C612EB50075B42A /* CategoryView.swift */ = {isa = PBXFileReference; lastKnownFileType = sourcecode.swift; path = CategoryView.swift; sourceTree = "<group>"; };
		25D8D5572C6132740075B42A /* CategoryManager.swift */ = {isa = PBXFileReference; lastKnownFileType = sourcecode.swift; path = CategoryManager.swift; sourceTree = "<group>"; };
		25D8D5592C6139A60075B42A /* TaskView.swift */ = {isa = PBXFileReference; lastKnownFileType = sourcecode.swift; path = TaskView.swift; sourceTree = "<group>"; };
/* End PBXFileReference section */

/* Begin PBXFrameworksBuildPhase section */
		2503D1A12C74901C00029E20 /* Frameworks */ = {
			isa = PBXFrameworksBuildPhase;
			buildActionMask = 2147483647;
			files = (
				2503D1A92C74901D00029E20 /* SwiftUI.framework in Frameworks */,
				2503D1A72C74901C00029E20 /* WidgetKit.framework in Frameworks */,
			);
			runOnlyForDeploymentPostprocessing = 0;
		};
		25D8D51C2C6124290075B42A /* Frameworks */ = {
			isa = PBXFrameworksBuildPhase;
			buildActionMask = 2147483647;
			files = (
				254A7AE12C76838A00E36624 /* FirebaseDatabase in Frameworks */,
				254A7AD92C76838A00E36624 /* FirebaseAnalytics in Frameworks */,
				254A7AE92C76838A00E36624 /* FirebaseStorage in Frameworks */,
				254A7ADD2C76838A00E36624 /* FirebaseAuth in Frameworks */,
				254A7AE72C76838A00E36624 /* FirebaseMLModelDownloader in Frameworks */,
				254A7ADB2C76838A00E36624 /* FirebaseAnalyticsOnDeviceConversion in Frameworks */,
				254A7ADF2C76838A00E36624 /* FirebaseAuthCombine-Community in Frameworks */,
				254A7AE32C76838A00E36624 /* FirebaseDynamicLinks in Frameworks */,
				254A7AE52C76838A00E36624 /* FirebaseFirestore in Frameworks */,
			);
			runOnlyForDeploymentPostprocessing = 0;
		};
		25D8D52D2C61242B0075B42A /* Frameworks */ = {
			isa = PBXFrameworksBuildPhase;
			buildActionMask = 2147483647;
			files = (
			);
			runOnlyForDeploymentPostprocessing = 0;
		};
		25D8D5372C61242B0075B42A /* Frameworks */ = {
			isa = PBXFrameworksBuildPhase;
			buildActionMask = 2147483647;
			files = (
			);
			runOnlyForDeploymentPostprocessing = 0;
		};
/* End PBXFrameworksBuildPhase section */

/* Begin PBXGroup section */
		2503D1A52C74901C00029E20 /* Frameworks */ = {
			isa = PBXGroup;
			children = (
				2503D1A62C74901C00029E20 /* WidgetKit.framework */,
				2503D1A82C74901C00029E20 /* SwiftUI.framework */,
			);
			name = Frameworks;
			sourceTree = "<group>";
		};
		2503D1AA2C74901D00029E20 /* TodoListWidget */ = {
			isa = PBXGroup;
			children = (
				2503D1AB2C74901D00029E20 /* TodoListWidgetBundle.swift */,
				2503D1AD2C74901D00029E20 /* TodoListWidget.swift */,
				2503D1AF2C74901E00029E20 /* Assets.xcassets */,
				2503D1B12C74901E00029E20 /* Info.plist */,
				2503D1B22C74901E00029E20 /* TodoListWidget.entitlements */,
			);
			path = TodoListWidget;
			sourceTree = "<group>";
		};
		25D8D5162C6124290075B42A = {
			isa = PBXGroup;
			children = (
				25D8D5212C6124290075B42A /* TodoList */,
				2503D1AA2C74901D00029E20 /* TodoListWidget */,
				2503D1A52C74901C00029E20 /* Frameworks */,
				25D8D5202C6124290075B42A /* Products */,
			);
			sourceTree = "<group>";
		};
		25D8D5202C6124290075B42A /* Products */ = {
			isa = PBXGroup;
			children = (
				25D8D51F2C6124290075B42A /* TodoList.app */,
				25D8D5302C61242B0075B42A /* TodoListTests.xctest */,
				25D8D53A2C61242B0075B42A /* TodoListUITests.xctest */,
				2503D1A42C74901C00029E20 /* TodoListWidgetExtension.appex */,
			);
			name = Products;
			sourceTree = "<group>";
		};
		25D8D5212C6124290075B42A /* TodoList */ = {
			isa = PBXGroup;
			children = (
				2503FA752CD99D0D007AB2E3 /* GoogleService-Info.plist */,
				25D8D5222C6124290075B42A /* TodoListApp.swift */,
				25D8D5242C6124290075B42A /* ContentView.swift */,
				25D8D5262C61242B0075B42A /* Assets.xcassets */,
				25D8D5282C61242B0075B42A /* TodoList.entitlements */,
				25D8D5292C61242B0075B42A /* Preview Content */,
				25D8D54F2C6125450075B42A /* Category.swift */,
				25D8D5572C6132740075B42A /* CategoryManager.swift */,
				2503D1BA2C754D0D00029E20 /* NotificationManager.swift */,
				254A7AD32C76827200E36624 /* FirebaseManager.swift */,
				25D8D5512C6125690075B42A /* Task.swift */,
				25D8D5532C612EB50075B42A /* CategoryView.swift */,
				25D8D5592C6139A60075B42A /* TaskView.swift */,
				25D0062A2C72852E00E28959 /* CalendarTimeView.swift */,
				2503D1BE2C75502E00029E20 /* NotificationView.swift */,
				254A7ACF2C76814000E36624 /* SideView.swift */,
				254A7AD12C76814800E36624 /* LoginView.swift */,
				256912AF2C7DD8E0008BBCAA /* TaskHistoryView.swift */,
			);
			path = TodoList;
			sourceTree = "<group>";
		};
		25D8D5292C61242B0075B42A /* Preview Content */ = {
			isa = PBXGroup;
			children = (
				25D8D52A2C61242B0075B42A /* Preview Assets.xcassets */,
			);
			path = "Preview Content";
			sourceTree = "<group>";
		};
/* End PBXGroup section */

/* Begin PBXNativeTarget section */
		2503D1A32C74901C00029E20 /* TodoListWidgetExtension */ = {
			isa = PBXNativeTarget;
			buildConfigurationList = 2503D1B92C74901E00029E20 /* Build configuration list for PBXNativeTarget "TodoListWidgetExtension" */;
			buildPhases = (
				2503D1A02C74901C00029E20 /* Sources */,
				2503D1A12C74901C00029E20 /* Frameworks */,
				2503D1A22C74901C00029E20 /* Resources */,
			);
			buildRules = (
			);
			dependencies = (
			);
			name = TodoListWidgetExtension;
			productName = TodoListWidgetExtension;
			productReference = 2503D1A42C74901C00029E20 /* TodoListWidgetExtension.appex */;
			productType = "com.apple.product-type.app-extension";
		};
		25D8D51E2C6124290075B42A /* TodoList */ = {
			isa = PBXNativeTarget;
			buildConfigurationList = 25D8D5442C61242B0075B42A /* Build configuration list for PBXNativeTarget "TodoList" */;
			buildPhases = (
				25D8D51B2C6124290075B42A /* Sources */,
				25D8D51C2C6124290075B42A /* Frameworks */,
				25D8D51D2C6124290075B42A /* Resources */,
				2503D1B62C74901E00029E20 /* Embed Foundation Extensions */,
			);
			buildRules = (
			);
			dependencies = (
				2503D1B42C74901E00029E20 /* PBXTargetDependency */,
			);
			name = TodoList;
			packageProductDependencies = (
				254A7AD82C76838A00E36624 /* FirebaseAnalytics */,
				254A7ADA2C76838A00E36624 /* FirebaseAnalyticsOnDeviceConversion */,
				254A7ADC2C76838A00E36624 /* FirebaseAuth */,
				254A7ADE2C76838A00E36624 /* FirebaseAuthCombine-Community */,
				254A7AE02C76838A00E36624 /* FirebaseDatabase */,
				254A7AE22C76838A00E36624 /* FirebaseDynamicLinks */,
				254A7AE42C76838A00E36624 /* FirebaseFirestore */,
				254A7AE62C76838A00E36624 /* FirebaseMLModelDownloader */,
				254A7AE82C76838A00E36624 /* FirebaseStorage */,
			);
			productName = TodoList;
			productReference = 25D8D51F2C6124290075B42A /* TodoList.app */;
			productType = "com.apple.product-type.application";
		};
		25D8D52F2C61242B0075B42A /* TodoListTests */ = {
			isa = PBXNativeTarget;
			buildConfigurationList = 25D8D5472C61242B0075B42A /* Build configuration list for PBXNativeTarget "TodoListTests" */;
			buildPhases = (
				25D8D52C2C61242B0075B42A /* Sources */,
				25D8D52D2C61242B0075B42A /* Frameworks */,
				25D8D52E2C61242B0075B42A /* Resources */,
			);
			buildRules = (
			);
			dependencies = (
				25D8D5322C61242B0075B42A /* PBXTargetDependency */,
			);
			name = TodoListTests;
			productName = TodoListTests;
			productReference = 25D8D5302C61242B0075B42A /* TodoListTests.xctest */;
			productType = "com.apple.product-type.bundle.unit-test";
		};
		25D8D5392C61242B0075B42A /* TodoListUITests */ = {
			isa = PBXNativeTarget;
			buildConfigurationList = 25D8D54A2C61242B0075B42A /* Build configuration list for PBXNativeTarget "TodoListUITests" */;
			buildPhases = (
				25D8D5362C61242B0075B42A /* Sources */,
				25D8D5372C61242B0075B42A /* Frameworks */,
				25D8D5382C61242B0075B42A /* Resources */,
			);
			buildRules = (
			);
			dependencies = (
				25D8D53C2C61242B0075B42A /* PBXTargetDependency */,
			);
			name = TodoListUITests;
			productName = TodoListUITests;
			productReference = 25D8D53A2C61242B0075B42A /* TodoListUITests.xctest */;
			productType = "com.apple.product-type.bundle.ui-testing";
		};
/* End PBXNativeTarget section */

/* Begin PBXProject section */
		25D8D5172C6124290075B42A /* Project object */ = {
			isa = PBXProject;
			attributes = {
				BuildIndependentTargetsInParallel = 1;
				KnownAssetTags = (
					New,
				);
				LastSwiftUpdateCheck = 1540;
				LastUpgradeCheck = 1610;
				TargetAttributes = {
					2503D1A32C74901C00029E20 = {
						CreatedOnToolsVersion = 15.4;
					};
					25D8D51E2C6124290075B42A = {
						CreatedOnToolsVersion = 15.4;
					};
					25D8D52F2C61242B0075B42A = {
						CreatedOnToolsVersion = 15.4;
						TestTargetID = 25D8D51E2C6124290075B42A;
					};
					25D8D5392C61242B0075B42A = {
						CreatedOnToolsVersion = 15.4;
						TestTargetID = 25D8D51E2C6124290075B42A;
					};
				};
			};
			buildConfigurationList = 25D8D51A2C6124290075B42A /* Build configuration list for PBXProject "TodoList" */;
			compatibilityVersion = "Xcode 14.0";
			developmentRegion = en;
			hasScannedForEncodings = 0;
			knownRegions = (
				en,
				Base,
			);
			mainGroup = 25D8D5162C6124290075B42A;
			packageReferences = (
				254A7AD72C76838A00E36624 /* XCRemoteSwiftPackageReference "firebase-ios-sdk" */,
			);
			productRefGroup = 25D8D5202C6124290075B42A /* Products */;
			projectDirPath = "";
			projectRoot = "";
			targets = (
				25D8D51E2C6124290075B42A /* TodoList */,
				25D8D52F2C61242B0075B42A /* TodoListTests */,
				25D8D5392C61242B0075B42A /* TodoListUITests */,
				2503D1A32C74901C00029E20 /* TodoListWidgetExtension */,
			);
		};
/* End PBXProject section */

/* Begin PBXResourcesBuildPhase section */
		2503D1A22C74901C00029E20 /* Resources */ = {
			isa = PBXResourcesBuildPhase;
			buildActionMask = 2147483647;
			files = (
				2503D1B02C74901E00029E20 /* Assets.xcassets in Resources */,
			);
			runOnlyForDeploymentPostprocessing = 0;
		};
		25D8D51D2C6124290075B42A /* Resources */ = {
			isa = PBXResourcesBuildPhase;
			buildActionMask = 2147483647;
			files = (
				25D8D52B2C61242B0075B42A /* Preview Assets.xcassets in Resources */,
				25D8D5272C61242B0075B42A /* Assets.xcassets in Resources */,
				2503FA762CD99D0D007AB2E3 /* GoogleService-Info.plist in Resources */,
			);
			runOnlyForDeploymentPostprocessing = 0;
		};
		25D8D52E2C61242B0075B42A /* Resources */ = {
			isa = PBXResourcesBuildPhase;
			buildActionMask = 2147483647;
			files = (
			);
			runOnlyForDeploymentPostprocessing = 0;
		};
		25D8D5382C61242B0075B42A /* Resources */ = {
			isa = PBXResourcesBuildPhase;
			buildActionMask = 2147483647;
			files = (
			);
			runOnlyForDeploymentPostprocessing = 0;
		};
/* End PBXResourcesBuildPhase section */

/* Begin PBXSourcesBuildPhase section */
		2503D1A02C74901C00029E20 /* Sources */ = {
			isa = PBXSourcesBuildPhase;
			buildActionMask = 2147483647;
			files = (
				2503D1AC2C74901D00029E20 /* TodoListWidgetBundle.swift in Sources */,
				2503D1AE2C74901D00029E20 /* TodoListWidget.swift in Sources */,
			);
			runOnlyForDeploymentPostprocessing = 0;
		};
		25D8D51B2C6124290075B42A /* Sources */ = {
			isa = PBXSourcesBuildPhase;
			buildActionMask = 2147483647;
			files = (
				254A7AD42C76827200E36624 /* FirebaseManager.swift in Sources */,
				25D8D5522C6125690075B42A /* Task.swift in Sources */,
				256912B02C7DD8E0008BBCAA /* TaskHistoryView.swift in Sources */,
				25D8D55A2C6139A60075B42A /* TaskView.swift in Sources */,
				25D8D5252C6124290075B42A /* ContentView.swift in Sources */,
				2503D1BB2C754D0D00029E20 /* NotificationManager.swift in Sources */,
				25D8D5232C6124290075B42A /* TodoListApp.swift in Sources */,
				25D8D5502C6125450075B42A /* Category.swift in Sources */,
				254A7AD22C76814800E36624 /* LoginView.swift in Sources */,
				25D0062B2C72852E00E28959 /* CalendarTimeView.swift in Sources */,
				254A7AD02C76814000E36624 /* SideView.swift in Sources */,
				25D8D5542C612EB50075B42A /* CategoryView.swift in Sources */,
				25D8D5582C6132740075B42A /* CategoryManager.swift in Sources */,
				2503D1BF2C75502E00029E20 /* NotificationView.swift in Sources */,
			);
			runOnlyForDeploymentPostprocessing = 0;
		};
		25D8D52C2C61242B0075B42A /* Sources */ = {
			isa = PBXSourcesBuildPhase;
			buildActionMask = 2147483647;
			files = (
			);
			runOnlyForDeploymentPostprocessing = 0;
		};
		25D8D5362C61242B0075B42A /* Sources */ = {
			isa = PBXSourcesBuildPhase;
			buildActionMask = 2147483647;
			files = (
			);
			runOnlyForDeploymentPostprocessing = 0;
		};
/* End PBXSourcesBuildPhase section */

/* Begin PBXTargetDependency section */
		2503D1B42C74901E00029E20 /* PBXTargetDependency */ = {
			isa = PBXTargetDependency;
			target = 2503D1A32C74901C00029E20 /* TodoListWidgetExtension */;
			targetProxy = 2503D1B32C74901E00029E20 /* PBXContainerItemProxy */;
		};
		25D8D5322C61242B0075B42A /* PBXTargetDependency */ = {
			isa = PBXTargetDependency;
			target = 25D8D51E2C6124290075B42A /* TodoList */;
			targetProxy = 25D8D5312C61242B0075B42A /* PBXContainerItemProxy */;
		};
		25D8D53C2C61242B0075B42A /* PBXTargetDependency */ = {
			isa = PBXTargetDependency;
			target = 25D8D51E2C6124290075B42A /* TodoList */;
			targetProxy = 25D8D53B2C61242B0075B42A /* PBXContainerItemProxy */;
		};
/* End PBXTargetDependency section */

/* Begin XCBuildConfiguration section */
		2503D1B72C74901E00029E20 /* Debug */ = {
			isa = XCBuildConfiguration;
			buildSettings = {
				ALLOW_TARGET_PLATFORM_SPECIALIZATION = YES;
				ASSETCATALOG_COMPILER_GLOBAL_ACCENT_COLOR_NAME = AccentColor;
				ASSETCATALOG_COMPILER_WIDGET_BACKGROUND_COLOR_NAME = WidgetBackground;
				CODE_SIGN_ENTITLEMENTS = TodoListWidget/TodoListWidget.entitlements;
				CODE_SIGN_STYLE = Automatic;
				CURRENT_PROJECT_VERSION = 1;
				DEAD_CODE_STRIPPING = YES;
				DEVELOPMENT_TEAM = 77H3C3WGVP;
				ENABLE_HARDENED_RUNTIME = YES;
				GENERATE_INFOPLIST_FILE = YES;
				INFOPLIST_FILE = TodoListWidget/Info.plist;
				INFOPLIST_KEY_CFBundleDisplayName = TodoListWidget;
				INFOPLIST_KEY_NSHumanReadableCopyright = "";
				IPHONEOS_DEPLOYMENT_TARGET = 17.5;
				LD_RUNPATH_SEARCH_PATHS = (
					"$(inherited)",
					"@executable_path/Frameworks",
					"@executable_path/../../Frameworks",
				);
				"LD_RUNPATH_SEARCH_PATHS[sdk=macosx*]" = (
					"$(inherited)",
					"@executable_path/../Frameworks",
					"@executable_path/../../../../Frameworks",
				);
				MACOSX_DEPLOYMENT_TARGET = 14.5;
				MARKETING_VERSION = 1.0;
				PRODUCT_BUNDLE_IDENTIFIER = no.TodoList.TodoListWidget;
				PRODUCT_NAME = "$(TARGET_NAME)";
				SDKROOT = auto;
				SKIP_INSTALL = YES;
				SUPPORTED_PLATFORMS = "xrsimulator xros watchsimulator watchos macosx iphonesimulator iphoneos driverkit appletvsimulator appletvos";
				SUPPORTS_MACCATALYST = YES;
				SWIFT_EMIT_LOC_STRINGS = YES;
				SWIFT_VERSION = 5.0;
				TARGETED_DEVICE_FAMILY = "1,2";
			};
			name = Debug;
		};
		2503D1B82C74901E00029E20 /* Release */ = {
			isa = XCBuildConfiguration;
			buildSettings = {
				ALLOW_TARGET_PLATFORM_SPECIALIZATION = YES;
				ASSETCATALOG_COMPILER_GLOBAL_ACCENT_COLOR_NAME = AccentColor;
				ASSETCATALOG_COMPILER_WIDGET_BACKGROUND_COLOR_NAME = WidgetBackground;
				CODE_SIGN_ENTITLEMENTS = TodoListWidget/TodoListWidget.entitlements;
				CODE_SIGN_STYLE = Automatic;
				CURRENT_PROJECT_VERSION = 1;
				DEAD_CODE_STRIPPING = YES;
				DEVELOPMENT_TEAM = 77H3C3WGVP;
				ENABLE_HARDENED_RUNTIME = YES;
				GENERATE_INFOPLIST_FILE = YES;
				INFOPLIST_FILE = TodoListWidget/Info.plist;
				INFOPLIST_KEY_CFBundleDisplayName = TodoListWidget;
				INFOPLIST_KEY_NSHumanReadableCopyright = "";
				IPHONEOS_DEPLOYMENT_TARGET = 17.5;
				LD_RUNPATH_SEARCH_PATHS = (
					"$(inherited)",
					"@executable_path/Frameworks",
					"@executable_path/../../Frameworks",
				);
				"LD_RUNPATH_SEARCH_PATHS[sdk=macosx*]" = (
					"$(inherited)",
					"@executable_path/../Frameworks",
					"@executable_path/../../../../Frameworks",
				);
				MACOSX_DEPLOYMENT_TARGET = 14.5;
				MARKETING_VERSION = 1.0;
				PRODUCT_BUNDLE_IDENTIFIER = no.TodoList.TodoListWidget;
				PRODUCT_NAME = "$(TARGET_NAME)";
				SDKROOT = auto;
				SKIP_INSTALL = YES;
				SUPPORTED_PLATFORMS = "xrsimulator xros watchsimulator watchos macosx iphonesimulator iphoneos driverkit appletvsimulator appletvos";
				SUPPORTS_MACCATALYST = YES;
				SWIFT_EMIT_LOC_STRINGS = YES;
				SWIFT_VERSION = 5.0;
				TARGETED_DEVICE_FAMILY = "1,2";
			};
			name = Release;
		};
		25D8D5422C61242B0075B42A /* Debug */ = {
			isa = XCBuildConfiguration;
			buildSettings = {
				ALWAYS_SEARCH_USER_PATHS = NO;
				ASSETCATALOG_COMPILER_GENERATE_SWIFT_ASSET_SYMBOL_EXTENSIONS = YES;
				CLANG_ANALYZER_NONNULL = YES;
				CLANG_ANALYZER_NUMBER_OBJECT_CONVERSION = YES_AGGRESSIVE;
				CLANG_CXX_LANGUAGE_STANDARD = "gnu++20";
				CLANG_ENABLE_MODULES = YES;
				CLANG_ENABLE_OBJC_ARC = YES;
				CLANG_ENABLE_OBJC_WEAK = YES;
				CLANG_WARN_BLOCK_CAPTURE_AUTORELEASING = YES;
				CLANG_WARN_BOOL_CONVERSION = YES;
				CLANG_WARN_COMMA = YES;
				CLANG_WARN_CONSTANT_CONVERSION = YES;
				CLANG_WARN_DEPRECATED_OBJC_IMPLEMENTATIONS = YES;
				CLANG_WARN_DIRECT_OBJC_ISA_USAGE = YES_ERROR;
				CLANG_WARN_DOCUMENTATION_COMMENTS = YES;
				CLANG_WARN_EMPTY_BODY = YES;
				CLANG_WARN_ENUM_CONVERSION = YES;
				CLANG_WARN_INFINITE_RECURSION = YES;
				CLANG_WARN_INT_CONVERSION = YES;
				CLANG_WARN_NON_LITERAL_NULL_CONVERSION = YES;
				CLANG_WARN_OBJC_IMPLICIT_RETAIN_SELF = YES;
				CLANG_WARN_OBJC_LITERAL_CONVERSION = YES;
				CLANG_WARN_OBJC_ROOT_CLASS = YES_ERROR;
				CLANG_WARN_QUOTED_INCLUDE_IN_FRAMEWORK_HEADER = YES;
				CLANG_WARN_RANGE_LOOP_ANALYSIS = YES;
				CLANG_WARN_STRICT_PROTOTYPES = YES;
				CLANG_WARN_SUSPICIOUS_MOVE = YES;
				CLANG_WARN_UNGUARDED_AVAILABILITY = YES_AGGRESSIVE;
				CLANG_WARN_UNREACHABLE_CODE = YES;
				CLANG_WARN__DUPLICATE_METHOD_MATCH = YES;
				COPY_PHASE_STRIP = NO;
				DEAD_CODE_STRIPPING = YES;
				DEBUG_INFORMATION_FORMAT = dwarf;
				ENABLE_STRICT_OBJC_MSGSEND = YES;
				ENABLE_TESTABILITY = YES;
				ENABLE_USER_SCRIPT_SANDBOXING = YES;
				GCC_C_LANGUAGE_STANDARD = gnu17;
				GCC_DYNAMIC_NO_PIC = NO;
				GCC_NO_COMMON_BLOCKS = YES;
				GCC_OPTIMIZATION_LEVEL = 0;
				GCC_PREPROCESSOR_DEFINITIONS = (
					"DEBUG=1",
					"$(inherited)",
				);
				GCC_WARN_64_TO_32_BIT_CONVERSION = YES;
				GCC_WARN_ABOUT_RETURN_TYPE = YES_ERROR;
				GCC_WARN_UNDECLARED_SELECTOR = YES;
				GCC_WARN_UNINITIALIZED_AUTOS = YES_AGGRESSIVE;
				GCC_WARN_UNUSED_FUNCTION = YES;
				GCC_WARN_UNUSED_VARIABLE = YES;
				LOCALIZATION_PREFERS_STRING_CATALOGS = YES;
				MTL_ENABLE_DEBUG_INFO = INCLUDE_SOURCE;
				MTL_FAST_MATH = YES;
				ONLY_ACTIVE_ARCH = YES;
				SWIFT_ACTIVE_COMPILATION_CONDITIONS = "DEBUG $(inherited)";
				SWIFT_OPTIMIZATION_LEVEL = "-Onone";
			};
			name = Debug;
		};
		25D8D5432C61242B0075B42A /* Release */ = {
			isa = XCBuildConfiguration;
			buildSettings = {
				ALWAYS_SEARCH_USER_PATHS = NO;
				ASSETCATALOG_COMPILER_GENERATE_SWIFT_ASSET_SYMBOL_EXTENSIONS = YES;
				CLANG_ANALYZER_NONNULL = YES;
				CLANG_ANALYZER_NUMBER_OBJECT_CONVERSION = YES_AGGRESSIVE;
				CLANG_CXX_LANGUAGE_STANDARD = "gnu++20";
				CLANG_ENABLE_MODULES = YES;
				CLANG_ENABLE_OBJC_ARC = YES;
				CLANG_ENABLE_OBJC_WEAK = YES;
				CLANG_WARN_BLOCK_CAPTURE_AUTORELEASING = YES;
				CLANG_WARN_BOOL_CONVERSION = YES;
				CLANG_WARN_COMMA = YES;
				CLANG_WARN_CONSTANT_CONVERSION = YES;
				CLANG_WARN_DEPRECATED_OBJC_IMPLEMENTATIONS = YES;
				CLANG_WARN_DIRECT_OBJC_ISA_USAGE = YES_ERROR;
				CLANG_WARN_DOCUMENTATION_COMMENTS = YES;
				CLANG_WARN_EMPTY_BODY = YES;
				CLANG_WARN_ENUM_CONVERSION = YES;
				CLANG_WARN_INFINITE_RECURSION = YES;
				CLANG_WARN_INT_CONVERSION = YES;
				CLANG_WARN_NON_LITERAL_NULL_CONVERSION = YES;
				CLANG_WARN_OBJC_IMPLICIT_RETAIN_SELF = YES;
				CLANG_WARN_OBJC_LITERAL_CONVERSION = YES;
				CLANG_WARN_OBJC_ROOT_CLASS = YES_ERROR;
				CLANG_WARN_QUOTED_INCLUDE_IN_FRAMEWORK_HEADER = YES;
				CLANG_WARN_RANGE_LOOP_ANALYSIS = YES;
				CLANG_WARN_STRICT_PROTOTYPES = YES;
				CLANG_WARN_SUSPICIOUS_MOVE = YES;
				CLANG_WARN_UNGUARDED_AVAILABILITY = YES_AGGRESSIVE;
				CLANG_WARN_UNREACHABLE_CODE = YES;
				CLANG_WARN__DUPLICATE_METHOD_MATCH = YES;
				COPY_PHASE_STRIP = NO;
				DEAD_CODE_STRIPPING = YES;
				DEBUG_INFORMATION_FORMAT = "dwarf-with-dsym";
				ENABLE_NS_ASSERTIONS = NO;
				ENABLE_STRICT_OBJC_MSGSEND = YES;
				ENABLE_USER_SCRIPT_SANDBOXING = YES;
				GCC_C_LANGUAGE_STANDARD = gnu17;
				GCC_NO_COMMON_BLOCKS = YES;
				GCC_WARN_64_TO_32_BIT_CONVERSION = YES;
				GCC_WARN_ABOUT_RETURN_TYPE = YES_ERROR;
				GCC_WARN_UNDECLARED_SELECTOR = YES;
				GCC_WARN_UNINITIALIZED_AUTOS = YES_AGGRESSIVE;
				GCC_WARN_UNUSED_FUNCTION = YES;
				GCC_WARN_UNUSED_VARIABLE = YES;
				LOCALIZATION_PREFERS_STRING_CATALOGS = YES;
				MTL_ENABLE_DEBUG_INFO = NO;
				MTL_FAST_MATH = YES;
				SWIFT_COMPILATION_MODE = wholemodule;
			};
			name = Release;
		};
		25D8D5452C61242B0075B42A /* Debug */ = {
			isa = XCBuildConfiguration;
			buildSettings = {
				ALLOW_TARGET_PLATFORM_SPECIALIZATION = YES;
				ASSETCATALOG_COMPILER_APPICON_NAME = AppIcon;
				ASSETCATALOG_COMPILER_GLOBAL_ACCENT_COLOR_NAME = AccentColor;
				CODE_SIGN_ENTITLEMENTS = TodoList/TodoList.entitlements;
				"CODE_SIGN_IDENTITY[sdk=macosx*]" = "Apple Development";
				CODE_SIGN_STYLE = Automatic;
				CURRENT_PROJECT_VERSION = 1;
				DEAD_CODE_STRIPPING = YES;
				DEVELOPMENT_ASSET_PATHS = "\"TodoList/Preview Content\"";
				DEVELOPMENT_TEAM = 77H3C3WGVP;
				ENABLE_HARDENED_RUNTIME = YES;
				ENABLE_PREVIEWS = YES;
				GENERATE_INFOPLIST_FILE = YES;
				"INFOPLIST_KEY_UIApplicationSceneManifest_Generation[sdk=iphoneos*]" = YES;
				"INFOPLIST_KEY_UIApplicationSceneManifest_Generation[sdk=iphonesimulator*]" = YES;
				"INFOPLIST_KEY_UIApplicationSupportsIndirectInputEvents[sdk=iphoneos*]" = YES;
				"INFOPLIST_KEY_UIApplicationSupportsIndirectInputEvents[sdk=iphonesimulator*]" = YES;
				"INFOPLIST_KEY_UILaunchScreen_Generation[sdk=iphoneos*]" = YES;
				"INFOPLIST_KEY_UILaunchScreen_Generation[sdk=iphonesimulator*]" = YES;
				"INFOPLIST_KEY_UIStatusBarStyle[sdk=iphoneos*]" = UIStatusBarStyleDefault;
				"INFOPLIST_KEY_UIStatusBarStyle[sdk=iphonesimulator*]" = UIStatusBarStyleDefault;
				INFOPLIST_KEY_UISupportedInterfaceOrientations_iPad = "UIInterfaceOrientationPortrait UIInterfaceOrientationPortraitUpsideDown UIInterfaceOrientationLandscapeLeft UIInterfaceOrientationLandscapeRight";
				INFOPLIST_KEY_UISupportedInterfaceOrientations_iPhone = "UIInterfaceOrientationPortrait UIInterfaceOrientationLandscapeLeft UIInterfaceOrientationLandscapeRight";
				IPHONEOS_DEPLOYMENT_TARGET = 17.5;
				LD_RUNPATH_SEARCH_PATHS = "@executable_path/Frameworks";
				"LD_RUNPATH_SEARCH_PATHS[sdk=macosx*]" = "@executable_path/../Frameworks";
				MACOSX_DEPLOYMENT_TARGET = 14.5;
				MARKETING_VERSION = 1.0;
				PRODUCT_BUNDLE_IDENTIFIER = no.TodoList;
				PRODUCT_NAME = "$(TARGET_NAME)";
				SDKROOT = auto;
				SUPPORTED_PLATFORMS = "iphoneos iphonesimulator macosx watchos watchsimulator";
				SUPPORTS_MACCATALYST = NO;
				SWIFT_EMIT_LOC_STRINGS = YES;
				SWIFT_VERSION = 5.0;
				TARGETED_DEVICE_FAMILY = "1,2";
				WATCHOS_DEPLOYMENT_TARGET = 8.7;
			};
			name = Debug;
		};
		25D8D5462C61242B0075B42A /* Release */ = {
			isa = XCBuildConfiguration;
			buildSettings = {
				ALLOW_TARGET_PLATFORM_SPECIALIZATION = YES;
				ASSETCATALOG_COMPILER_APPICON_NAME = AppIcon;
				ASSETCATALOG_COMPILER_GLOBAL_ACCENT_COLOR_NAME = AccentColor;
				CODE_SIGN_ENTITLEMENTS = TodoList/TodoList.entitlements;
				"CODE_SIGN_IDENTITY[sdk=macosx*]" = "Apple Development";
				CODE_SIGN_STYLE = Automatic;
				CURRENT_PROJECT_VERSION = 1;
				DEAD_CODE_STRIPPING = YES;
				DEVELOPMENT_ASSET_PATHS = "\"TodoList/Preview Content\"";
				DEVELOPMENT_TEAM = 77H3C3WGVP;
				ENABLE_HARDENED_RUNTIME = YES;
				ENABLE_PREVIEWS = YES;
				GENERATE_INFOPLIST_FILE = YES;
				"INFOPLIST_KEY_UIApplicationSceneManifest_Generation[sdk=iphoneos*]" = YES;
				"INFOPLIST_KEY_UIApplicationSceneManifest_Generation[sdk=iphonesimulator*]" = YES;
				"INFOPLIST_KEY_UIApplicationSupportsIndirectInputEvents[sdk=iphoneos*]" = YES;
				"INFOPLIST_KEY_UIApplicationSupportsIndirectInputEvents[sdk=iphonesimulator*]" = YES;
				"INFOPLIST_KEY_UILaunchScreen_Generation[sdk=iphoneos*]" = YES;
				"INFOPLIST_KEY_UILaunchScreen_Generation[sdk=iphonesimulator*]" = YES;
				"INFOPLIST_KEY_UIStatusBarStyle[sdk=iphoneos*]" = UIStatusBarStyleDefault;
				"INFOPLIST_KEY_UIStatusBarStyle[sdk=iphonesimulator*]" = UIStatusBarStyleDefault;
				INFOPLIST_KEY_UISupportedInterfaceOrientations_iPad = "UIInterfaceOrientationPortrait UIInterfaceOrientationPortraitUpsideDown UIInterfaceOrientationLandscapeLeft UIInterfaceOrientationLandscapeRight";
				INFOPLIST_KEY_UISupportedInterfaceOrientations_iPhone = "UIInterfaceOrientationPortrait UIInterfaceOrientationLandscapeLeft UIInterfaceOrientationLandscapeRight";
				IPHONEOS_DEPLOYMENT_TARGET = 17.5;
				LD_RUNPATH_SEARCH_PATHS = "@executable_path/Frameworks";
				"LD_RUNPATH_SEARCH_PATHS[sdk=macosx*]" = "@executable_path/../Frameworks";
				MACOSX_DEPLOYMENT_TARGET = 14.5;
				MARKETING_VERSION = 1.0;
				PRODUCT_BUNDLE_IDENTIFIER = no.TodoList;
				PRODUCT_NAME = "$(TARGET_NAME)";
				SDKROOT = auto;
				SUPPORTED_PLATFORMS = "iphoneos iphonesimulator macosx watchos watchsimulator";
				SUPPORTS_MACCATALYST = NO;
				SWIFT_EMIT_LOC_STRINGS = YES;
				SWIFT_VERSION = 5.0;
				TARGETED_DEVICE_FAMILY = "1,2";
				WATCHOS_DEPLOYMENT_TARGET = 8.7;
			};
			name = Release;
		};
		25D8D5482C61242B0075B42A /* Debug */ = {
			isa = XCBuildConfiguration;
			buildSettings = {
				BUNDLE_LOADER = "$(TEST_HOST)";
				CODE_SIGN_STYLE = Automatic;
				CURRENT_PROJECT_VERSION = 1;
				DEAD_CODE_STRIPPING = YES;
				DEVELOPMENT_TEAM = 77H3C3WGVP;
				GENERATE_INFOPLIST_FILE = YES;
				IPHONEOS_DEPLOYMENT_TARGET = 17.5;
				MACOSX_DEPLOYMENT_TARGET = 14.5;
				MARKETING_VERSION = 1.0;
				PRODUCT_BUNDLE_IDENTIFIER = no.TodoListTests;
				PRODUCT_NAME = "$(TARGET_NAME)";
				SDKROOT = auto;
				SUPPORTED_PLATFORMS = "iphoneos iphonesimulator macosx";
				SWIFT_EMIT_LOC_STRINGS = NO;
				SWIFT_VERSION = 5.0;
				TARGETED_DEVICE_FAMILY = "1,2";
				TEST_HOST = "$(BUILT_PRODUCTS_DIR)/TodoList.app/$(BUNDLE_EXECUTABLE_FOLDER_PATH)/TodoList";
			};
			name = Debug;
		};
		25D8D5492C61242B0075B42A /* Release */ = {
			isa = XCBuildConfiguration;
			buildSettings = {
				BUNDLE_LOADER = "$(TEST_HOST)";
				CODE_SIGN_STYLE = Automatic;
				CURRENT_PROJECT_VERSION = 1;
				DEAD_CODE_STRIPPING = YES;
				DEVELOPMENT_TEAM = 77H3C3WGVP;
				GENERATE_INFOPLIST_FILE = YES;
				IPHONEOS_DEPLOYMENT_TARGET = 17.5;
				MACOSX_DEPLOYMENT_TARGET = 14.5;
				MARKETING_VERSION = 1.0;
				PRODUCT_BUNDLE_IDENTIFIER = no.TodoListTests;
				PRODUCT_NAME = "$(TARGET_NAME)";
				SDKROOT = auto;
				SUPPORTED_PLATFORMS = "iphoneos iphonesimulator macosx";
				SWIFT_EMIT_LOC_STRINGS = NO;
				SWIFT_VERSION = 5.0;
				TARGETED_DEVICE_FAMILY = "1,2";
				TEST_HOST = "$(BUILT_PRODUCTS_DIR)/TodoList.app/$(BUNDLE_EXECUTABLE_FOLDER_PATH)/TodoList";
			};
			name = Release;
		};
		25D8D54B2C61242B0075B42A /* Debug */ = {
			isa = XCBuildConfiguration;
			buildSettings = {
				CODE_SIGN_STYLE = Automatic;
				CURRENT_PROJECT_VERSION = 1;
				DEAD_CODE_STRIPPING = YES;
				DEVELOPMENT_TEAM = 77H3C3WGVP;
				GENERATE_INFOPLIST_FILE = YES;
				IPHONEOS_DEPLOYMENT_TARGET = 17.5;
				MACOSX_DEPLOYMENT_TARGET = 14.5;
				MARKETING_VERSION = 1.0;
				PRODUCT_BUNDLE_IDENTIFIER = no.TodoListUITests;
				PRODUCT_NAME = "$(TARGET_NAME)";
				SDKROOT = auto;
				SUPPORTED_PLATFORMS = "iphoneos iphonesimulator macosx";
				SWIFT_EMIT_LOC_STRINGS = NO;
				SWIFT_VERSION = 5.0;
				TARGETED_DEVICE_FAMILY = "1,2";
				TEST_TARGET_NAME = TodoList;
			};
			name = Debug;
		};
		25D8D54C2C61242B0075B42A /* Release */ = {
			isa = XCBuildConfiguration;
			buildSettings = {
				CODE_SIGN_STYLE = Automatic;
				CURRENT_PROJECT_VERSION = 1;
				DEAD_CODE_STRIPPING = YES;
				DEVELOPMENT_TEAM = 77H3C3WGVP;
				GENERATE_INFOPLIST_FILE = YES;
				IPHONEOS_DEPLOYMENT_TARGET = 17.5;
				MACOSX_DEPLOYMENT_TARGET = 14.5;
				MARKETING_VERSION = 1.0;
				PRODUCT_BUNDLE_IDENTIFIER = no.TodoListUITests;
				PRODUCT_NAME = "$(TARGET_NAME)";
				SDKROOT = auto;
				SUPPORTED_PLATFORMS = "iphoneos iphonesimulator macosx";
				SWIFT_EMIT_LOC_STRINGS = NO;
				SWIFT_VERSION = 5.0;
				TARGETED_DEVICE_FAMILY = "1,2";
				TEST_TARGET_NAME = TodoList;
			};
			name = Release;
		};
/* End XCBuildConfiguration section */

/* Begin XCConfigurationList section */
		2503D1B92C74901E00029E20 /* Build configuration list for PBXNativeTarget "TodoListWidgetExtension" */ = {
			isa = XCConfigurationList;
			buildConfigurations = (
				2503D1B72C74901E00029E20 /* Debug */,
				2503D1B82C74901E00029E20 /* Release */,
			);
			defaultConfigurationIsVisible = 0;
			defaultConfigurationName = Release;
		};
		25D8D51A2C6124290075B42A /* Build configuration list for PBXProject "TodoList" */ = {
			isa = XCConfigurationList;
			buildConfigurations = (
				25D8D5422C61242B0075B42A /* Debug */,
				25D8D5432C61242B0075B42A /* Release */,
			);
			defaultConfigurationIsVisible = 0;
			defaultConfigurationName = Release;
		};
		25D8D5442C61242B0075B42A /* Build configuration list for PBXNativeTarget "TodoList" */ = {
			isa = XCConfigurationList;
			buildConfigurations = (
				25D8D5452C61242B0075B42A /* Debug */,
				25D8D5462C61242B0075B42A /* Release */,
			);
			defaultConfigurationIsVisible = 0;
			defaultConfigurationName = Release;
		};
		25D8D5472C61242B0075B42A /* Build configuration list for PBXNativeTarget "TodoListTests" */ = {
			isa = XCConfigurationList;
			buildConfigurations = (
				25D8D5482C61242B0075B42A /* Debug */,
				25D8D5492C61242B0075B42A /* Release */,
			);
			defaultConfigurationIsVisible = 0;
			defaultConfigurationName = Release;
		};
		25D8D54A2C61242B0075B42A /* Build configuration list for PBXNativeTarget "TodoListUITests" */ = {
			isa = XCConfigurationList;
			buildConfigurations = (
				25D8D54B2C61242B0075B42A /* Debug */,
				25D8D54C2C61242B0075B42A /* Release */,
			);
			defaultConfigurationIsVisible = 0;
			defaultConfigurationName = Release;
		};
/* End XCConfigurationList section */

/* Begin XCRemoteSwiftPackageReference section */
		254A7AD72C76838A00E36624 /* XCRemoteSwiftPackageReference "firebase-ios-sdk" */ = {
			isa = XCRemoteSwiftPackageReference;
			repositoryURL = "https://github.com/firebase/firebase-ios-sdk";
			requirement = {
				kind = upToNextMajorVersion;
				minimumVersion = 11.1.0;
			};
		};
/* End XCRemoteSwiftPackageReference section */

/* Begin XCSwiftPackageProductDependency section */
		254A7AD82C76838A00E36624 /* FirebaseAnalytics */ = {
			isa = XCSwiftPackageProductDependency;
			package = 254A7AD72C76838A00E36624 /* XCRemoteSwiftPackageReference "firebase-ios-sdk" */;
			productName = FirebaseAnalytics;
		};
		254A7ADA2C76838A00E36624 /* FirebaseAnalyticsOnDeviceConversion */ = {
			isa = XCSwiftPackageProductDependency;
			package = 254A7AD72C76838A00E36624 /* XCRemoteSwiftPackageReference "firebase-ios-sdk" */;
			productName = FirebaseAnalyticsOnDeviceConversion;
		};
		254A7ADC2C76838A00E36624 /* FirebaseAuth */ = {
			isa = XCSwiftPackageProductDependency;
			package = 254A7AD72C76838A00E36624 /* XCRemoteSwiftPackageReference "firebase-ios-sdk" */;
			productName = FirebaseAuth;
		};
		254A7ADE2C76838A00E36624 /* FirebaseAuthCombine-Community */ = {
			isa = XCSwiftPackageProductDependency;
			package = 254A7AD72C76838A00E36624 /* XCRemoteSwiftPackageReference "firebase-ios-sdk" */;
			productName = "FirebaseAuthCombine-Community";
		};
		254A7AE02C76838A00E36624 /* FirebaseDatabase */ = {
			isa = XCSwiftPackageProductDependency;
			package = 254A7AD72C76838A00E36624 /* XCRemoteSwiftPackageReference "firebase-ios-sdk" */;
			productName = FirebaseDatabase;
		};
		254A7AE22C76838A00E36624 /* FirebaseDynamicLinks */ = {
			isa = XCSwiftPackageProductDependency;
			package = 254A7AD72C76838A00E36624 /* XCRemoteSwiftPackageReference "firebase-ios-sdk" */;
			productName = FirebaseDynamicLinks;
		};
		254A7AE42C76838A00E36624 /* FirebaseFirestore */ = {
			isa = XCSwiftPackageProductDependency;
			package = 254A7AD72C76838A00E36624 /* XCRemoteSwiftPackageReference "firebase-ios-sdk" */;
			productName = FirebaseFirestore;
		};
		254A7AE62C76838A00E36624 /* FirebaseMLModelDownloader */ = {
			isa = XCSwiftPackageProductDependency;
			package = 254A7AD72C76838A00E36624 /* XCRemoteSwiftPackageReference "firebase-ios-sdk" */;
			productName = FirebaseMLModelDownloader;
		};
		254A7AE82C76838A00E36624 /* FirebaseStorage */ = {
			isa = XCSwiftPackageProductDependency;
			package = 254A7AD72C76838A00E36624 /* XCRemoteSwiftPackageReference "firebase-ios-sdk" */;
			productName = FirebaseStorage;
		};
/* End XCSwiftPackageProductDependency section */
	};
	rootObject = 25D8D5172C6124290075B42A /* Project object */;
}
